
Microsoft Visual Studio Solution File, Format Version 12.00
# Visual Studio Version 17
VisualStudioVersion = 17.3.32929.385
MinimumVisualStudioVersion = 10.0.40219.1
Project("{9A19103F-16F7-4668-BE54-9A1E7A4F7556}") = "Tetris", "Tetris\Tetris.csproj", "{242E3948-2B1A-4231-B156-120C7290559D}"
EndProject
Project("{2150E333-8FDC-42A3-9474-1A3956D46DE8}") = "Solution Items", "Solution Items", "{9F2F5808-2064-43AF-970A-989ED394E419}"
	ProjectSection(SolutionItems) = preProject
		.editorconfig = .editorconfig
	EndProjectSection
EndProject
Global
	GlobalSection(SolutionConfigurationPlatforms) = preSolution
		Debug|Any CPU = Debug|Any CPU
		Release|Any CPU = Release|Any CPU
	EndGlobalSection
	GlobalSection(ProjectConfigurationPlatforms) = postSolution
		{242E3948-2B1A-4231-B156-120C7290559D}.Debug|Any CPU.ActiveCfg = Debug|Any CPU
		{242E3948-2B1A-4231-B156-120C7290559D}.Debug|Any CPU.Build.0 = Debug|Any CPU
		{242E3948-2B1A-4231-B156-120C7290559D}.Release|Any CPU.ActiveCfg = Release|Any CPU
		{242E3948-2B1A-4231-B156-120C7290559D}.Release|Any CPU.Build.0 = Release|Any CPU
	EndGlobalSection
	GlobalSection(SolutionProperties) = preSolution
		HideSolutionNode = FALSE
	EndGlobalSection
	GlobalSection(ExtensibilityGlobals) = postSolution
		SolutionGuid = {841F7D08-3267-488D-A954-BED5E4C8E032}
	EndGlobalSection
EndGlobal
